
Microsoft Visual Studio Solution File, Format Version 12.00
Project("{FAE04EC0-301F-11D3-BF4B-00C04F79EFBC}") = "RefactorThis", "RefactorThis\RefactorThis.csproj", "{F2115696-3E1E-4380-A31B-3245BA2799C4}"
EndProject
Project("{FAE04EC0-301F-11D3-BF4B-00C04F79EFBC}") = "RefactorThis.Domain", "RefactorThis.Domain\RefactorThis.Domain.csproj", "{13BF731E-F33A-438E-843C-4F7194F8FD08}"
EndProject
Project("{FAE04EC0-301F-11D3-BF4B-00C04F79EFBC}") = "RefactorThis.Api", "RefactorThis.Api\RefactorThis.Api.csproj", "{E3260D4A-1775-4C76-A927-249E4D8225E4}"
EndProject
Global
	GlobalSection(SolutionConfigurationPlatforms) = preSolution
		Debug|Any CPU = Debug|Any CPU
		Release|Any CPU = Release|Any CPU
	EndGlobalSection
	GlobalSection(ProjectConfigurationPlatforms) = postSolution
		{F2115696-3E1E-4380-A31B-3245BA2799C4}.Debug|Any CPU.ActiveCfg = Debug|Any CPU
		{F2115696-3E1E-4380-A31B-3245BA2799C4}.Debug|Any CPU.Build.0 = Debug|Any CPU
		{F2115696-3E1E-4380-A31B-3245BA2799C4}.Release|Any CPU.ActiveCfg = Release|Any CPU
		{F2115696-3E1E-4380-A31B-3245BA2799C4}.Release|Any CPU.Build.0 = Release|Any CPU
		{13BF731E-F33A-438E-843C-4F7194F8FD08}.Debug|Any CPU.ActiveCfg = Debug|Any CPU
		{13BF731E-F33A-438E-843C-4F7194F8FD08}.Debug|Any CPU.Build.0 = Debug|Any CPU
		{13BF731E-F33A-438E-843C-4F7194F8FD08}.Release|Any CPU.ActiveCfg = Release|Any CPU
		{13BF731E-F33A-438E-843C-4F7194F8FD08}.Release|Any CPU.Build.0 = Release|Any CPU
		{E3260D4A-1775-4C76-A927-249E4D8225E4}.Debug|Any CPU.ActiveCfg = Debug|Any CPU
		{E3260D4A-1775-4C76-A927-249E4D8225E4}.Debug|Any CPU.Build.0 = Debug|Any CPU
		{E3260D4A-1775-4C76-A927-249E4D8225E4}.Release|Any CPU.ActiveCfg = Release|Any CPU
		{E3260D4A-1775-4C76-A927-249E4D8225E4}.Release|Any CPU.Build.0 = Release|Any CPU
	EndGlobalSection
EndGlobal
