
Microsoft Visual Studio Solution File, Format Version 12.00
Project("{FAE04EC0-301F-11D3-BF4B-00C04F79EFBC}") = "RefactorThis.Domain", "RefactorThis.Domain\RefactorThis.Domain.csproj", "{13BF731E-F33A-438E-843C-4F7194F8FD08}"
EndProject
Project("{FAE04EC0-301F-11D3-BF4B-00C04F79EFBC}") = "RefactorThis.Api", "RefactorThis.Api\RefactorThis.Api.csproj", "{E3260D4A-1775-4C76-A927-249E4D8225E4}"
EndProject
Project("{2150E333-8FDC-42A3-9474-1A3956D46DE8}") = "src", "src", "{253D8465-C3CA-4F89-8F51-887F67BE5C33}"
EndProject
Project("{2150E333-8FDC-42A3-9474-1A3956D46DE8}") = "test", "test", "{3F9B2367-E123-4C48-A5F4-5D9385AE6447}"
EndProject
Project("{FAE04EC0-301F-11D3-BF4B-00C04F79EFBC}") = "RefactorThis.FunctionalTests", "RefactorThis.FunctionalTests\RefactorThis.FunctionalTests.csproj", "{5A05D44F-1B46-45A7-A5D0-7ECB6299459A}"
EndProject
Project("{FAE04EC0-301F-11D3-BF4B-00C04F79EFBC}") = "RefactorThis.UnitTests", "RefactorThis.UnitTests\RefactorThis.UnitTests.csproj", "{7E67BF74-C3CA-4F73-9A0C-464FA7C4F104}"
EndProject
Global
	GlobalSection(SolutionConfigurationPlatforms) = preSolution
		Debug|Any CPU = Debug|Any CPU
		Release|Any CPU = Release|Any CPU
	EndGlobalSection
	GlobalSection(ProjectConfigurationPlatforms) = postSolution
		{13BF731E-F33A-438E-843C-4F7194F8FD08}.Debug|Any CPU.ActiveCfg = Debug|Any CPU
		{13BF731E-F33A-438E-843C-4F7194F8FD08}.Debug|Any CPU.Build.0 = Debug|Any CPU
		{13BF731E-F33A-438E-843C-4F7194F8FD08}.Release|Any CPU.ActiveCfg = Release|Any CPU
		{13BF731E-F33A-438E-843C-4F7194F8FD08}.Release|Any CPU.Build.0 = Release|Any CPU
		{E3260D4A-1775-4C76-A927-249E4D8225E4}.Debug|Any CPU.ActiveCfg = Debug|Any CPU
		{E3260D4A-1775-4C76-A927-249E4D8225E4}.Debug|Any CPU.Build.0 = Debug|Any CPU
		{E3260D4A-1775-4C76-A927-249E4D8225E4}.Release|Any CPU.ActiveCfg = Release|Any CPU
		{E3260D4A-1775-4C76-A927-249E4D8225E4}.Release|Any CPU.Build.0 = Release|Any CPU
		{5A05D44F-1B46-45A7-A5D0-7ECB6299459A}.Debug|Any CPU.ActiveCfg = Debug|Any CPU
		{5A05D44F-1B46-45A7-A5D0-7ECB6299459A}.Debug|Any CPU.Build.0 = Debug|Any CPU
		{5A05D44F-1B46-45A7-A5D0-7ECB6299459A}.Release|Any CPU.ActiveCfg = Release|Any CPU
		{5A05D44F-1B46-45A7-A5D0-7ECB6299459A}.Release|Any CPU.Build.0 = Release|Any CPU
		{7E67BF74-C3CA-4F73-9A0C-464FA7C4F104}.Debug|Any CPU.ActiveCfg = Debug|Any CPU
		{7E67BF74-C3CA-4F73-9A0C-464FA7C4F104}.Debug|Any CPU.Build.0 = Debug|Any CPU
		{7E67BF74-C3CA-4F73-9A0C-464FA7C4F104}.Release|Any CPU.ActiveCfg = Release|Any CPU
		{7E67BF74-C3CA-4F73-9A0C-464FA7C4F104}.Release|Any CPU.Build.0 = Release|Any CPU
	EndGlobalSection
	GlobalSection(NestedProjects) = preSolution
		{E3260D4A-1775-4C76-A927-249E4D8225E4} = {253D8465-C3CA-4F89-8F51-887F67BE5C33}
		{13BF731E-F33A-438E-843C-4F7194F8FD08} = {253D8465-C3CA-4F89-8F51-887F67BE5C33}
		{5A05D44F-1B46-45A7-A5D0-7ECB6299459A} = {3F9B2367-E123-4C48-A5F4-5D9385AE6447}
		{7E67BF74-C3CA-4F73-9A0C-464FA7C4F104} = {3F9B2367-E123-4C48-A5F4-5D9385AE6447}
	EndGlobalSection
EndGlobal
